
Microsoft Visual Studio Solution File, Format Version 12.00
# Visual Studio 15
VisualStudioVersion = 15.0.28307.1022
MinimumVisualStudioVersion = 10.0.40219.1
Project("{FAE04EC0-301F-11D3-BF4B-00C04F79EFBC}") = "WcfTemp", "WcfTemp\WcfTemp.csproj", "{35F319D2-AE7A-4CAE-8078-55693F4C627C}"
EndProject
Global
	GlobalSection(SolutionConfigurationPlatforms) = preSolution
		Debug|Any CPU = Debug|Any CPU
		Release|Any CPU = Release|Any CPU
	EndGlobalSection
	GlobalSection(ProjectConfigurationPlatforms) = postSolution
		{35F319D2-AE7A-4CAE-8078-55693F4C627C}.Debug|Any CPU.ActiveCfg = Debug|Any CPU
		{35F319D2-AE7A-4CAE-8078-55693F4C627C}.Debug|Any CPU.Build.0 = Debug|Any CPU
		{35F319D2-AE7A-4CAE-8078-55693F4C627C}.Release|Any CPU.ActiveCfg = Release|Any CPU
		{35F319D2-AE7A-4CAE-8078-55693F4C627C}.Release|Any CPU.Build.0 = Release|Any CPU
	EndGlobalSection
	GlobalSection(SolutionProperties) = preSolution
		HideSolutionNode = FALSE
	EndGlobalSection
	GlobalSection(ExtensibilityGlobals) = postSolution
		SolutionGuid = {624DD188-9A3D-418B-928F-1759588D0836}
	EndGlobalSection
EndGlobal
